
Microsoft Visual Studio Solution File, Format Version 12.00
# Visual Studio 15
VisualStudioVersion = 15.0.28307.421
MinimumVisualStudioVersion = 10.0.40219.1
Project("{FAE04EC0-301F-11D3-BF4B-00C04F79EFBC}") = "SimleSite", "SimleSite\SimleSite.csproj", "{3DAB180E-4E1A-4B64-886D-E2B9072DA827}"
EndProject
Global
	GlobalSection(SolutionConfigurationPlatforms) = preSolution
		Debug|Any CPU = Debug|Any CPU
		Release|Any CPU = Release|Any CPU
	EndGlobalSection
	GlobalSection(ProjectConfigurationPlatforms) = postSolution
		{3DAB180E-4E1A-4B64-886D-E2B9072DA827}.Debug|Any CPU.ActiveCfg = Debug|Any CPU
		{3DAB180E-4E1A-4B64-886D-E2B9072DA827}.Debug|Any CPU.Build.0 = Debug|Any CPU
		{3DAB180E-4E1A-4B64-886D-E2B9072DA827}.Release|Any CPU.ActiveCfg = Release|Any CPU
		{3DAB180E-4E1A-4B64-886D-E2B9072DA827}.Release|Any CPU.Build.0 = Release|Any CPU
	EndGlobalSection
	GlobalSection(SolutionProperties) = preSolution
		HideSolutionNode = FALSE
	EndGlobalSection
	GlobalSection(ExtensibilityGlobals) = postSolution
		SolutionGuid = {736C0CB6-ACBC-4E1D-A86E-626A4BA649F2}
	EndGlobalSection
EndGlobal
